
Microsoft Visual Studio Solution File, Format Version 12.00
# Visual Studio Version 17
VisualStudioVersion = 17.4.33403.182
MinimumVisualStudioVersion = 10.0.40219.1
Project("{9A19103F-16F7-4668-BE54-9A1E7A4F7556}") = "ShopOnline.Web", "ShopOnline.Web\ShopOnline.Web.csproj", "{3CF4AE14-9ECE-4AF7-A62A-40AFBD50ED59}"
EndProject
Project("{9A19103F-16F7-4668-BE54-9A1E7A4F7556}") = "ShopOnline.Api", "ShopOnline.Api\ShopOnline.Api.csproj", "{2B5871D5-88D2-4EF8-8369-C89D594CCE2C}"
EndProject
Project("{9A19103F-16F7-4668-BE54-9A1E7A4F7556}") = "ShopOnline.Models", "ShopOnline.Models\ShopOnline.Models.csproj", "{217263AE-5086-4E18-B9BD-E67C7D87D15D}"
EndProject
Global
	GlobalSection(SolutionConfigurationPlatforms) = preSolution
		Debug|Any CPU = Debug|Any CPU
		Release|Any CPU = Release|Any CPU
	EndGlobalSection
	GlobalSection(ProjectConfigurationPlatforms) = postSolution
		{3CF4AE14-9ECE-4AF7-A62A-40AFBD50ED59}.Debug|Any CPU.ActiveCfg = Debug|Any CPU
		{3CF4AE14-9ECE-4AF7-A62A-40AFBD50ED59}.Debug|Any CPU.Build.0 = Debug|Any CPU
		{3CF4AE14-9ECE-4AF7-A62A-40AFBD50ED59}.Release|Any CPU.ActiveCfg = Release|Any CPU
		{3CF4AE14-9ECE-4AF7-A62A-40AFBD50ED59}.Release|Any CPU.Build.0 = Release|Any CPU
		{2B5871D5-88D2-4EF8-8369-C89D594CCE2C}.Debug|Any CPU.ActiveCfg = Debug|Any CPU
		{2B5871D5-88D2-4EF8-8369-C89D594CCE2C}.Debug|Any CPU.Build.0 = Debug|Any CPU
		{2B5871D5-88D2-4EF8-8369-C89D594CCE2C}.Release|Any CPU.ActiveCfg = Release|Any CPU
		{2B5871D5-88D2-4EF8-8369-C89D594CCE2C}.Release|Any CPU.Build.0 = Release|Any CPU
		{217263AE-5086-4E18-B9BD-E67C7D87D15D}.Debug|Any CPU.ActiveCfg = Debug|Any CPU
		{217263AE-5086-4E18-B9BD-E67C7D87D15D}.Debug|Any CPU.Build.0 = Debug|Any CPU
		{217263AE-5086-4E18-B9BD-E67C7D87D15D}.Release|Any CPU.ActiveCfg = Release|Any CPU
		{217263AE-5086-4E18-B9BD-E67C7D87D15D}.Release|Any CPU.Build.0 = Release|Any CPU
	EndGlobalSection
	GlobalSection(SolutionProperties) = preSolution
		HideSolutionNode = FALSE
	EndGlobalSection
	GlobalSection(ExtensibilityGlobals) = postSolution
		SolutionGuid = {6DC58056-2556-4C57-9AFC-17CA60A5371B}
	EndGlobalSection
EndGlobal
